// !$*UTF8*$!
{
	archiveVersion = 1;
	classes = {
	};
	objectVersion = 46;
	objects = {

/* Begin PBXBuildFile section */
		9C21FA921B5DFAEA00B9A2D3 /* AppDelegate.swift in Sources */ = {isa = PBXBuildFile; fileRef = 9C21FA911B5DFAEA00B9A2D3 /* AppDelegate.swift */; };
		9C21FA941B5DFAEA00B9A2D3 /* ViewController.swift in Sources */ = {isa = PBXBuildFile; fileRef = 9C21FA931B5DFAEA00B9A2D3 /* ViewController.swift */; };
		9C21FA971B5DFAEA00B9A2D3 /* Main.storyboard in Resources */ = {isa = PBXBuildFile; fileRef = 9C21FA951B5DFAEA00B9A2D3 /* Main.storyboard */; };
		9C21FA991B5DFAEA00B9A2D3 /* Images.xcassets in Resources */ = {isa = PBXBuildFile; fileRef = 9C21FA981B5DFAEA00B9A2D3 /* Images.xcassets */; };
		9C21FA9C1B5DFAEA00B9A2D3 /* LaunchScreen.xib in Resources */ = {isa = PBXBuildFile; fileRef = 9C21FA9A1B5DFAEA00B9A2D3 /* LaunchScreen.xib */; };
		9C21FAA81B5DFAEA00B9A2D3 /* InstaPetTests.swift in Sources */ = {isa = PBXBuildFile; fileRef = 9C21FAA71B5DFAEA00B9A2D3 /* InstaPetTests.swift */; };
/* End PBXBuildFile section */

/* Begin PBXContainerItemProxy section */
		9C21FAA21B5DFAEA00B9A2D3 /* PBXContainerItemProxy */ = {
			isa = PBXContainerItemProxy;
			containerPortal = 9C21FA841B5DFAEA00B9A2D3 /* Project object */;
			proxyType = 1;
			remoteGlobalIDString = 9C21FA8B1B5DFAEA00B9A2D3;
			remoteInfo = InstaPet;
		};
/* End PBXContainerItemProxy section */

/* Begin PBXFileReference section */
		9C21FA8C1B5DFAEA00B9A2D3 /* InstaPet.app */ = {isa = PBXFileReference; explicitFileType = wrapper.application; includeInIndex = 0; path = InstaPet.app; sourceTree = BUILT_PRODUCTS_DIR; };
		9C21FA901B5DFAEA00B9A2D3 /* Info.plist */ = {isa = PBXFileReference; lastKnownFileType = text.plist.xml; path = Info.plist; sourceTree = "<group>"; };
		9C21FA911B5DFAEA00B9A2D3 /* AppDelegate.swift */ = {isa = PBXFileReference; lastKnownFileType = sourcecode.swift; path = AppDelegate.swift; sourceTree = "<group>"; };
		9C21FA931B5DFAEA00B9A2D3 /* ViewController.swift */ = {isa = PBXFileReference; lastKnownFileType = sourcecode.swift; path = ViewController.swift; sourceTree = "<group>"; };
		9C21FA961B5DFAEA00B9A2D3 /* Base */ = {isa = PBXFileReference; lastKnownFileType = file.storyboard; name = Base; path = Base.lproj/Main.storyboard; sourceTree = "<group>"; };
		9C21FA981B5DFAEA00B9A2D3 /* Images.xcassets */ = {isa = PBXFileReference; lastKnownFileType = folder.assetcatalog; path = Images.xcassets; sourceTree = "<group>"; };
		9C21FA9B1B5DFAEA00B9A2D3 /* Base */ = {isa = PBXFileReference; lastKnownFileType = file.xib; name = Base; path = Base.lproj/LaunchScreen.xib; sourceTree = "<group>"; };
		9C21FAA11B5DFAEA00B9A2D3 /* InstaPetTests.xctest */ = {isa = PBXFileReference; explicitFileType = wrapper.cfbundle; includeInIndex = 0; path = InstaPetTests.xctest; sourceTree = BUILT_PRODUCTS_DIR; };
		9C21FAA61B5DFAEA00B9A2D3 /* Info.plist */ = {isa = PBXFileReference; lastKnownFileType = text.plist.xml; path = Info.plist; sourceTree = "<group>"; };
		9C21FAA71B5DFAEA00B9A2D3 /* InstaPetTests.swift */ = {isa = PBXFileReference; lastKnownFileType = sourcecode.swift; path = InstaPetTests.swift; sourceTree = "<group>"; };
/* End PBXFileReference section */

/* Begin PBXFrameworksBuildPhase section */
		9C21FA891B5DFAEA00B9A2D3 /* Frameworks */ = {
			isa = PBXFrameworksBuildPhase;
			buildActionMask = 2147483647;
			files = (
			);
			runOnlyForDeploymentPostprocessing = 0;
		};
		9C21FA9E1B5DFAEA00B9A2D3 /* Frameworks */ = {
			isa = PBXFrameworksBuildPhase;
			buildActionMask = 2147483647;
			files = (
			);
			runOnlyForDeploymentPostprocessing = 0;
		};
/* End PBXFrameworksBuildPhase section */

/* Begin PBXGroup section */
		9C21FA831B5DFAEA00B9A2D3 = {
			isa = PBXGroup;
			children = (
				9C21FA8E1B5DFAEA00B9A2D3 /* InstaPet */,
				9C21FAA41B5DFAEA00B9A2D3 /* InstaPetTests */,
				9C21FA8D1B5DFAEA00B9A2D3 /* Products */,
			);
			sourceTree = "<group>";
		};
		9C21FA8D1B5DFAEA00B9A2D3 /* Products */ = {
			isa = PBXGroup;
			children = (
				9C21FA8C1B5DFAEA00B9A2D3 /* InstaPet.app */,
				9C21FAA11B5DFAEA00B9A2D3 /* InstaPetTests.xctest */,
			);
			name = Products;
			sourceTree = "<group>";
		};
		9C21FA8E1B5DFAEA00B9A2D3 /* InstaPet */ = {
			isa = PBXGroup;
			children = (
				9C21FA911B5DFAEA00B9A2D3 /* AppDelegate.swift */,
				9C21FA931B5DFAEA00B9A2D3 /* ViewController.swift */,
				9C21FA951B5DFAEA00B9A2D3 /* Main.storyboard */,
				9C21FA981B5DFAEA00B9A2D3 /* Images.xcassets */,
				9C21FA9A1B5DFAEA00B9A2D3 /* LaunchScreen.xib */,
				9C21FA8F1B5DFAEA00B9A2D3 /* Supporting Files */,
			);
			path = InstaPet;
			sourceTree = "<group>";
		};
		9C21FA8F1B5DFAEA00B9A2D3 /* Supporting Files */ = {
			isa = PBXGroup;
			children = (
				9C21FA901B5DFAEA00B9A2D3 /* Info.plist */,
			);
			name = "Supporting Files";
			sourceTree = "<group>";
		};
		9C21FAA41B5DFAEA00B9A2D3 /* InstaPetTests */ = {
			isa = PBXGroup;
			children = (
				9C21FAA71B5DFAEA00B9A2D3 /* InstaPetTests.swift */,
				9C21FAA51B5DFAEA00B9A2D3 /* Supporting Files */,
			);
			path = InstaPetTests;
			sourceTree = "<group>";
		};
		9C21FAA51B5DFAEA00B9A2D3 /* Supporting Files */ = {
			isa = PBXGroup;
			children = (
				9C21FAA61B5DFAEA00B9A2D3 /* Info.plist */,
			);
			name = "Supporting Files";
			sourceTree = "<group>";
		};
/* End PBXGroup section */

/* Begin PBXNativeTarget section */
		9C21FA8B1B5DFAEA00B9A2D3 /* InstaPet */ = {
			isa = PBXNativeTarget;
			buildConfigurationList = 9C21FAAB1B5DFAEA00B9A2D3 /* Build configuration list for PBXNativeTarget "InstaPet" */;
			buildPhases = (
				9C21FA881B5DFAEA00B9A2D3 /* Sources */,
				9C21FA891B5DFAEA00B9A2D3 /* Frameworks */,
				9C21FA8A1B5DFAEA00B9A2D3 /* Resources */,
			);
			buildRules = (
			);
			dependencies = (
			);
			name = InstaPet;
			productName = InstaPet;
			productReference = 9C21FA8C1B5DFAEA00B9A2D3 /* InstaPet.app */;
			productType = "com.apple.product-type.application";
		};
		9C21FAA01B5DFAEA00B9A2D3 /* InstaPetTests */ = {
			isa = PBXNativeTarget;
			buildConfigurationList = 9C21FAAE1B5DFAEA00B9A2D3 /* Build configuration list for PBXNativeTarget "InstaPetTests" */;
			buildPhases = (
				9C21FA9D1B5DFAEA00B9A2D3 /* Sources */,
				9C21FA9E1B5DFAEA00B9A2D3 /* Frameworks */,
				9C21FA9F1B5DFAEA00B9A2D3 /* Resources */,
			);
			buildRules = (
			);
			dependencies = (
				9C21FAA31B5DFAEA00B9A2D3 /* PBXTargetDependency */,
			);
			name = InstaPetTests;
			productName = InstaPetTests;
			productReference = 9C21FAA11B5DFAEA00B9A2D3 /* InstaPetTests.xctest */;
			productType = "com.apple.product-type.bundle.unit-test";
		};
/* End PBXNativeTarget section */

/* Begin PBXProject section */
		9C21FA841B5DFAEA00B9A2D3 /* Project object */ = {
			isa = PBXProject;
			attributes = {
				LastUpgradeCheck = 0640;
				ORGANIZATIONNAME = "Vento LLC";
				TargetAttributes = {
					9C21FA8B1B5DFAEA00B9A2D3 = {
						CreatedOnToolsVersion = 6.4;
					};
					9C21FAA01B5DFAEA00B9A2D3 = {
						CreatedOnToolsVersion = 6.4;
						TestTargetID = 9C21FA8B1B5DFAEA00B9A2D3;
					};
				};
			};
			buildConfigurationList = 9C21FA871B5DFAEA00B9A2D3 /* Build configuration list for PBXProject "InstaPet" */;
			compatibilityVersion = "Xcode 3.2";
			developmentRegion = English;
			hasScannedForEncodings = 0;
			knownRegions = (
				en,
				Base,
			);
			mainGroup = 9C21FA831B5DFAEA00B9A2D3;
			productRefGroup = 9C21FA8D1B5DFAEA00B9A2D3 /* Products */;
			projectDirPath = "";
			projectRoot = "";
			targets = (
				9C21FA8B1B5DFAEA00B9A2D3 /* InstaPet */,
				9C21FAA01B5DFAEA00B9A2D3 /* InstaPetTests */,
			);
		};
/* End PBXProject section */

/* Begin PBXResourcesBuildPhase section */
		9C21FA8A1B5DFAEA00B9A2D3 /* Resources */ = {
			isa = PBXResourcesBuildPhase;
			buildActionMask = 2147483647;
			files = (
				9C21FA971B5DFAEA00B9A2D3 /* Main.storyboard in Resources */,
				9C21FA9C1B5DFAEA00B9A2D3 /* LaunchScreen.xib in Resources */,
				9C21FA991B5DFAEA00B9A2D3 /* Images.xcassets in Resources */,
			);
			runOnlyForDeploymentPostprocessing = 0;
		};
		9C21FA9F1B5DFAEA00B9A2D3 /* Resources */ = {
			isa = PBXResourcesBuildPhase;
			buildActionMask = 2147483647;
			files = (
			);
			runOnlyForDeploymentPostprocessing = 0;
		};
/* End PBXResourcesBuildPhase section */

/* Begin PBXSourcesBuildPhase section */
		9C21FA881B5DFAEA00B9A2D3 /* Sources */ = {
			isa = PBXSourcesBuildPhase;
			buildActionMask = 2147483647;
			files = (
				9C21FA941B5DFAEA00B9A2D3 /* ViewController.swift in Sources */,
				9C21FA921B5DFAEA00B9A2D3 /* AppDelegate.swift in Sources */,
			);
			runOnlyForDeploymentPostprocessing = 0;
		};
		9C21FA9D1B5DFAEA00B9A2D3 /* Sources */ = {
			isa = PBXSourcesBuildPhase;
			buildActionMask = 2147483647;
			files = (
				9C21FAA81B5DFAEA00B9A2D3 /* InstaPetTests.swift in Sources */,
			);
			runOnlyForDeploymentPostprocessing = 0;
		};
/* End PBXSourcesBuildPhase section */

/* Begin PBXTargetDependency section */
		9C21FAA31B5DFAEA00B9A2D3 /* PBXTargetDependency */ = {
			isa = PBXTargetDependency;
			target = 9C21FA8B1B5DFAEA00B9A2D3 /* InstaPet */;
			targetProxy = 9C21FAA21B5DFAEA00B9A2D3 /* PBXContainerItemProxy */;
		};
/* End PBXTargetDependency section */

/* Begin PBXVariantGroup section */
		9C21FA951B5DFAEA00B9A2D3 /* Main.storyboard */ = {
			isa = PBXVariantGroup;
			children = (
				9C21FA961B5DFAEA00B9A2D3 /* Base */,
			);
			name = Main.storyboard;
			sourceTree = "<group>";
		};
		9C21FA9A1B5DFAEA00B9A2D3 /* LaunchScreen.xib */ = {
			isa = PBXVariantGroup;
			children = (
				9C21FA9B1B5DFAEA00B9A2D3 /* Base */,
			);
			name = LaunchScreen.xib;
			sourceTree = "<group>";
		};
/* End PBXVariantGroup section */

/* Begin XCBuildConfiguration section */
		9C21FAA91B5DFAEA00B9A2D3 /* Debug */ = {
			isa = XCBuildConfiguration;
			buildSettings = {
				ALWAYS_SEARCH_USER_PATHS = NO;
				CLANG_CXX_LANGUAGE_STANDARD = "gnu++0x";
				CLANG_CXX_LIBRARY = "libc++";
				CLANG_ENABLE_MODULES = YES;
				CLANG_ENABLE_OBJC_ARC = YES;
				CLANG_WARN_BOOL_CONVERSION = YES;
				CLANG_WARN_CONSTANT_CONVERSION = YES;
				CLANG_WARN_DIRECT_OBJC_ISA_USAGE = YES_ERROR;
				CLANG_WARN_EMPTY_BODY = YES;
				CLANG_WARN_ENUM_CONVERSION = YES;
				CLANG_WARN_INT_CONVERSION = YES;
				CLANG_WARN_OBJC_ROOT_CLASS = YES_ERROR;
				CLANG_WARN_UNREACHABLE_CODE = YES;
				CLANG_WARN__DUPLICATE_METHOD_MATCH = YES;
				"CODE_SIGN_IDENTITY[sdk=iphoneos*]" = "iPhone Developer";
				COPY_PHASE_STRIP = NO;
				DEBUG_INFORMATION_FORMAT = "dwarf-with-dsym";
				ENABLE_STRICT_OBJC_MSGSEND = YES;
				GCC_C_LANGUAGE_STANDARD = gnu99;
				GCC_DYNAMIC_NO_PIC = NO;
				GCC_NO_COMMON_BLOCKS = YES;
				GCC_OPTIMIZATION_LEVEL = 0;
				GCC_PREPROCESSOR_DEFINITIONS = (
					"DEBUG=1",
					"$(inherited)",
				);
				GCC_SYMBOLS_PRIVATE_EXTERN = NO;
				GCC_WARN_64_TO_32_BIT_CONVERSION = YES;
				GCC_WARN_ABOUT_RETURN_TYPE = YES_ERROR;
				GCC_WARN_UNDECLARED_SELECTOR = YES;
				GCC_WARN_UNINITIALIZED_AUTOS = YES_AGGRESSIVE;
				GCC_WARN_UNUSED_FUNCTION = YES;
				GCC_WARN_UNUSED_VARIABLE = YES;
				IPHONEOS_DEPLOYMENT_TARGET = 8.4;
				MTL_ENABLE_DEBUG_INFO = YES;
				ONLY_ACTIVE_ARCH = YES;
				SDKROOT = iphoneos;
				SWIFT_OPTIMIZATION_LEVEL = "-Onone";
				TARGETED_DEVICE_FAMILY = "1,2";
			};
			name = Debug;
		};
		9C21FAAA1B5DFAEA00B9A2D3 /* Release */ = {
			isa = XCBuildConfiguration;
			buildSettings = {
				ALWAYS_SEARCH_USER_PATHS = NO;
				CLANG_CXX_LANGUAGE_STANDARD = "gnu++0x";
				CLANG_CXX_LIBRARY = "libc++";
				CLANG_ENABLE_MODULES = YES;
				CLANG_ENABLE_OBJC_ARC = YES;
				CLANG_WARN_BOOL_CONVERSION = YES;
				CLANG_WARN_CONSTANT_CONVERSION = YES;
				CLANG_WARN_DIRECT_OBJC_ISA_USAGE = YES_ERROR;
				CLANG_WARN_EMPTY_BODY = YES;
				CLANG_WARN_ENUM_CONVERSION = YES;
				CLANG_WARN_INT_CONVERSION = YES;
				CLANG_WARN_OBJC_ROOT_CLASS = YES_ERROR;
				CLANG_WARN_UNREACHABLE_CODE = YES;
				CLANG_WARN__DUPLICATE_METHOD_MATCH = YES;
				"CODE_SIGN_IDENTITY[sdk=iphoneos*]" = "iPhone Developer";
				COPY_PHASE_STRIP = NO;
				DEBUG_INFORMATION_FORMAT = "dwarf-with-dsym";
				ENABLE_NS_ASSERTIONS = NO;
				ENABLE_STRICT_OBJC_MSGSEND = YES;
				GCC_C_LANGUAGE_STANDARD = gnu99;
				GCC_NO_COMMON_BLOCKS = YES;
				GCC_WARN_64_TO_32_BIT_CONVERSION = YES;
				GCC_WARN_ABOUT_RETURN_TYPE = YES_ERROR;
				GCC_WARN_UNDECLARED_SELECTOR = YES;
				GCC_WARN_UNINITIALIZED_AUTOS = YES_AGGRESSIVE;
				GCC_WARN_UNUSED_FUNCTION = YES;
				GCC_WARN_UNUSED_VARIABLE = YES;
				IPHONEOS_DEPLOYMENT_TARGET = 8.4;
				MTL_ENABLE_DEBUG_INFO = NO;
				SDKROOT = iphoneos;
				TARGETED_DEVICE_FAMILY = "1,2";
				VALIDATE_PRODUCT = YES;
			};
			name = Release;
		};
		9C21FAAC1B5DFAEA00B9A2D3 /* Debug */ = {
			isa = XCBuildConfiguration;
			buildSettings = {
				ASSETCATALOG_COMPILER_APPICON_NAME = AppIcon;
				INFOPLIST_FILE = InstaPet/Info.plist;
				LD_RUNPATH_SEARCH_PATHS = "$(inherited) @executable_path/Frameworks";
				PRODUCT_NAME = "$(TARGET_NAME)";
			};
			name = Debug;
		};
		9C21FAAD1B5DFAEA00B9A2D3 /* Release */ = {
			isa = XCBuildConfiguration;
			buildSettings = {
				ASSETCATALOG_COMPILER_APPICON_NAME = AppIcon;
				INFOPLIST_FILE = InstaPet/Info.plist;
				LD_RUNPATH_SEARCH_PATHS = "$(inherited) @executable_path/Frameworks";
				PRODUCT_NAME = "$(TARGET_NAME)";
			};
			name = Release;
		};
		9C21FAAF1B5DFAEA00B9A2D3 /* Debug */ = {
			isa = XCBuildConfiguration;
			buildSettings = {
				BUNDLE_LOADER = "$(TEST_HOST)";
				FRAMEWORK_SEARCH_PATHS = (
					"$(SDKROOT)/Developer/Library/Frameworks",
					"$(inherited)",
				);
				GCC_PREPROCESSOR_DEFINITIONS = (
					"DEBUG=1",
					"$(inherited)",
				);
				INFOPLIST_FILE = InstaPetTests/Info.plist;
				LD_RUNPATH_SEARCH_PATHS = "$(inherited) @executable_path/Frameworks @loader_path/Frameworks";
				PRODUCT_NAME = "$(TARGET_NAME)";
				TEST_HOST = "$(BUILT_PRODUCTS_DIR)/InstaPet.app/InstaPet";
			};
			name = Debug;
		};
		9C21FAB01B5DFAEA00B9A2D3 /* Release */ = {
			isa = XCBuildConfiguration;
			buildSettings = {
				BUNDLE_LOADER = "$(TEST_HOST)";
				FRAMEWORK_SEARCH_PATHS = (
					"$(SDKROOT)/Developer/Library/Frameworks",
					"$(inherited)",
				);
				INFOPLIST_FILE = InstaPetTests/Info.plist;
				LD_RUNPATH_SEARCH_PATHS = "$(inherited) @executable_path/Frameworks @loader_path/Frameworks";
				PRODUCT_NAME = "$(TARGET_NAME)";
				TEST_HOST = "$(BUILT_PRODUCTS_DIR)/InstaPet.app/InstaPet";
			};
			name = Release;
		};
/* End XCBuildConfiguration section */

/* Begin XCConfigurationList section */
		9C21FA871B5DFAEA00B9A2D3 /* Build configuration list for PBXProject "InstaPet" */ = {
			isa = XCConfigurationList;
			buildConfigurations = (
				9C21FAA91B5DFAEA00B9A2D3 /* Debug */,
				9C21FAAA1B5DFAEA00B9A2D3 /* Release */,
			);
			defaultConfigurationIsVisible = 0;
			defaultConfigurationName = Release;
		};
		9C21FAAB1B5DFAEA00B9A2D3 /* Build configuration list for PBXNativeTarget "InstaPet" */ = {
			isa = XCConfigurationList;
			buildConfigurations = (
				9C21FAAC1B5DFAEA00B9A2D3 /* Debug */,
				9C21FAAD1B5DFAEA00B9A2D3 /* Release */,
			);
			defaultConfigurationIsVisible = 0;
		};
		9C21FAAE1B5DFAEA00B9A2D3 /* Build configuration list for PBXNativeTarget "InstaPetTests" */ = {
			isa = XCConfigurationList;
			buildConfigurations = (
				9C21FAAF1B5DFAEA00B9A2D3 /* Debug */,
				9C21FAB01B5DFAEA00B9A2D3 /* Release */,
			);
			defaultConfigurationIsVisible = 0;
		};
/* End XCConfigurationList section */
	};
	rootObject = 9C21FA841B5DFAEA00B9A2D3 /* Project object */;
}
